// !$*UTF8*$!
{
	archiveVersion = 1;
	classes = {
	};
	objectVersion = 46;
	objects = {

/* Begin PBXBuildFile section */
		A20FF95E169EF73500FA9E13 /* LocationDetailsViewController.m in Sources */ = {isa = PBXBuildFile; fileRef = A20FF95D169EF73500FA9E13 /* LocationDetailsViewController.m */; };
		A213F5F9169C1B2E00BA282F /* UIKit.framework in Frameworks */ = {isa = PBXBuildFile; fileRef = A213F5F8169C1B2E00BA282F /* UIKit.framework */; };
		A213F5FB169C1B2E00BA282F /* Foundation.framework in Frameworks */ = {isa = PBXBuildFile; fileRef = A213F5FA169C1B2E00BA282F /* Foundation.framework */; };
		A213F5FD169C1B2E00BA282F /* CoreGraphics.framework in Frameworks */ = {isa = PBXBuildFile; fileRef = A213F5FC169C1B2E00BA282F /* CoreGraphics.framework */; };
		A213F603169C1B2E00BA282F /* InfoPlist.strings in Resources */ = {isa = PBXBuildFile; fileRef = A213F601169C1B2E00BA282F /* InfoPlist.strings */; };
		A213F605169C1B2E00BA282F /* main.m in Sources */ = {isa = PBXBuildFile; fileRef = A213F604169C1B2E00BA282F /* main.m */; };
		A213F609169C1B2E00BA282F /* AppDelegate.m in Sources */ = {isa = PBXBuildFile; fileRef = A213F608169C1B2E00BA282F /* AppDelegate.m */; };
		A213F60B169C1B2E00BA282F /* Default.png in Resources */ = {isa = PBXBuildFile; fileRef = A213F60A169C1B2E00BA282F /* Default.png */; };
		A213F60D169C1B2E00BA282F /* Default@2x.png in Resources */ = {isa = PBXBuildFile; fileRef = A213F60C169C1B2E00BA282F /* Default@2x.png */; };
		A213F60F169C1B2E00BA282F /* Default-568h@2x.png in Resources */ = {isa = PBXBuildFile; fileRef = A213F60E169C1B2E00BA282F /* Default-568h@2x.png */; };
		A213F612169C1B2E00BA282F /* MainStoryboard.storyboard in Resources */ = {isa = PBXBuildFile; fileRef = A213F610169C1B2E00BA282F /* MainStoryboard.storyboard */; };
		A213F615169C1B2E00BA282F /* ViewController.m in Sources */ = {isa = PBXBuildFile; fileRef = A213F614169C1B2E00BA282F /* ViewController.m */; };
		A213F61D169C21B900BA282F /* LocationViewController.m in Sources */ = {isa = PBXBuildFile; fileRef = A213F61C169C21B900BA282F /* LocationViewController.m */; };
		A213F620169C22A300BA282F /* Location.m in Sources */ = {isa = PBXBuildFile; fileRef = A213F61F169C22A300BA282F /* Location.m */; };
		A234F7DA16B7F8570021E826 /* LocationAdderViewController.m in Sources */ = {isa = PBXBuildFile; fileRef = A234F7D916B7F8570021E826 /* LocationAdderViewController.m */; };
		A280F82D16D4AA8C005290C3 /* CoreData.framework in Frameworks */ = {isa = PBXBuildFile; fileRef = A280F82C16D4AA8C005290C3 /* CoreData.framework */; };
		A280F83116D4ABDA005290C3 /* LocationContent.xcdatamodeld in Sources */ = {isa = PBXBuildFile; fileRef = A280F82F16D4ABDA005290C3 /* LocationContent.xcdatamodeld */; };
		A280F83416D4AD79005290C3 /* LocationEntity.m in Sources */ = {isa = PBXBuildFile; fileRef = A280F83316D4AD79005290C3 /* LocationEntity.m */; };
		A280F83716D92A7E005290C3 /* Crashlytics.framework in Frameworks */ = {isa = PBXBuildFile; fileRef = A280F83616D92A7E005290C3 /* Crashlytics.framework */; };
/* End PBXBuildFile section */

/* Begin PBXFileReference section */
		A20FF95C169EF73500FA9E13 /* LocationDetailsViewController.h */ = {isa = PBXFileReference; fileEncoding = 4; lastKnownFileType = sourcecode.c.h; path = LocationDetailsViewController.h; sourceTree = "<group>"; };
		A20FF95D169EF73500FA9E13 /* LocationDetailsViewController.m */ = {isa = PBXFileReference; fileEncoding = 4; lastKnownFileType = sourcecode.c.objc; path = LocationDetailsViewController.m; sourceTree = "<group>"; };
		A213F5F4169C1B2E00BA282F /* GoThereLater.app */ = {isa = PBXFileReference; explicitFileType = wrapper.application; includeInIndex = 0; path = GoThereLater.app; sourceTree = BUILT_PRODUCTS_DIR; };
		A213F5F8169C1B2E00BA282F /* UIKit.framework */ = {isa = PBXFileReference; lastKnownFileType = wrapper.framework; name = UIKit.framework; path = System/Library/Frameworks/UIKit.framework; sourceTree = SDKROOT; };
		A213F5FA169C1B2E00BA282F /* Foundation.framework */ = {isa = PBXFileReference; lastKnownFileType = wrapper.framework; name = Foundation.framework; path = System/Library/Frameworks/Foundation.framework; sourceTree = SDKROOT; };
		A213F5FC169C1B2E00BA282F /* CoreGraphics.framework */ = {isa = PBXFileReference; lastKnownFileType = wrapper.framework; name = CoreGraphics.framework; path = System/Library/Frameworks/CoreGraphics.framework; sourceTree = SDKROOT; };
		A213F600169C1B2E00BA282F /* GoThereLater-Info.plist */ = {isa = PBXFileReference; lastKnownFileType = text.plist.xml; path = "GoThereLater-Info.plist"; sourceTree = "<group>"; };
		A213F602169C1B2E00BA282F /* en */ = {isa = PBXFileReference; lastKnownFileType = text.plist.strings; name = en; path = en.lproj/InfoPlist.strings; sourceTree = "<group>"; };
		A213F604169C1B2E00BA282F /* main.m */ = {isa = PBXFileReference; lastKnownFileType = sourcecode.c.objc; path = main.m; sourceTree = "<group>"; };
		A213F606169C1B2E00BA282F /* GoThereLater-Prefix.pch */ = {isa = PBXFileReference; lastKnownFileType = sourcecode.c.h; path = "GoThereLater-Prefix.pch"; sourceTree = "<group>"; };
		A213F607169C1B2E00BA282F /* AppDelegate.h */ = {isa = PBXFileReference; lastKnownFileType = sourcecode.c.h; path = AppDelegate.h; sourceTree = "<group>"; };
		A213F608169C1B2E00BA282F /* AppDelegate.m */ = {isa = PBXFileReference; lastKnownFileType = sourcecode.c.objc; path = AppDelegate.m; sourceTree = "<group>"; };
		A213F60A169C1B2E00BA282F /* Default.png */ = {isa = PBXFileReference; lastKnownFileType = image.png; path = Default.png; sourceTree = "<group>"; };
		A213F60C169C1B2E00BA282F /* Default@2x.png */ = {isa = PBXFileReference; lastKnownFileType = image.png; path = "Default@2x.png"; sourceTree = "<group>"; };
		A213F60E169C1B2E00BA282F /* Default-568h@2x.png */ = {isa = PBXFileReference; lastKnownFileType = image.png; path = "Default-568h@2x.png"; sourceTree = "<group>"; };
		A213F611169C1B2E00BA282F /* en */ = {isa = PBXFileReference; lastKnownFileType = file.storyboard; name = en; path = en.lproj/MainStoryboard.storyboard; sourceTree = "<group>"; };
		A213F613169C1B2E00BA282F /* ViewController.h */ = {isa = PBXFileReference; lastKnownFileType = sourcecode.c.h; path = ViewController.h; sourceTree = "<group>"; };
		A213F614169C1B2E00BA282F /* ViewController.m */ = {isa = PBXFileReference; lastKnownFileType = sourcecode.c.objc; path = ViewController.m; sourceTree = "<group>"; };
		A213F61B169C21B900BA282F /* LocationViewController.h */ = {isa = PBXFileReference; fileEncoding = 4; lastKnownFileType = sourcecode.c.h; path = LocationViewController.h; sourceTree = "<group>"; };
		A213F61C169C21B900BA282F /* LocationViewController.m */ = {isa = PBXFileReference; fileEncoding = 4; lastKnownFileType = sourcecode.c.objc; path = LocationViewController.m; sourceTree = "<group>"; };
		A213F61E169C22A300BA282F /* Location.h */ = {isa = PBXFileReference; fileEncoding = 4; lastKnownFileType = sourcecode.c.h; path = Location.h; sourceTree = "<group>"; };
		A213F61F169C22A300BA282F /* Location.m */ = {isa = PBXFileReference; fileEncoding = 4; lastKnownFileType = sourcecode.c.objc; path = Location.m; sourceTree = "<group>"; };
		A234F7D816B7F8570021E826 /* LocationAdderViewController.h */ = {isa = PBXFileReference; fileEncoding = 4; lastKnownFileType = sourcecode.c.h; path = LocationAdderViewController.h; sourceTree = "<group>"; };
		A234F7D916B7F8570021E826 /* LocationAdderViewController.m */ = {isa = PBXFileReference; fileEncoding = 4; lastKnownFileType = sourcecode.c.objc; path = LocationAdderViewController.m; sourceTree = "<group>"; };
		A280F82C16D4AA8C005290C3 /* CoreData.framework */ = {isa = PBXFileReference; lastKnownFileType = wrapper.framework; name = CoreData.framework; path = System/Library/Frameworks/CoreData.framework; sourceTree = SDKROOT; };
		A280F83016D4ABDA005290C3 /* LocationContent.xcdatamodel */ = {isa = PBXFileReference; lastKnownFileType = wrapper.xcdatamodel; path = LocationContent.xcdatamodel; sourceTree = "<group>"; };
		A280F83216D4AD79005290C3 /* LocationEntity.h */ = {isa = PBXFileReference; fileEncoding = 4; lastKnownFileType = sourcecode.c.h; path = LocationEntity.h; sourceTree = "<group>"; };
		A280F83316D4AD79005290C3 /* LocationEntity.m */ = {isa = PBXFileReference; fileEncoding = 4; lastKnownFileType = sourcecode.c.objc; path = LocationEntity.m; sourceTree = "<group>"; };
		A280F83616D92A7E005290C3 /* Crashlytics.framework */ = {isa = PBXFileReference; lastKnownFileType = wrapper.framework; path = Crashlytics.framework; sourceTree = "<group>"; };
/* End PBXFileReference section */

/* Begin PBXFrameworksBuildPhase section */
		A213F5F1169C1B2E00BA282F /* Frameworks */ = {
			isa = PBXFrameworksBuildPhase;
			buildActionMask = 2147483647;
			files = (
				A280F82D16D4AA8C005290C3 /* CoreData.framework in Frameworks */,
				A213F5F9169C1B2E00BA282F /* UIKit.framework in Frameworks */,
				A213F5FB169C1B2E00BA282F /* Foundation.framework in Frameworks */,
				A213F5FD169C1B2E00BA282F /* CoreGraphics.framework in Frameworks */,
				A280F83716D92A7E005290C3 /* Crashlytics.framework in Frameworks */,
			);
			runOnlyForDeploymentPostprocessing = 0;
		};
/* End PBXFrameworksBuildPhase section */

/* Begin PBXGroup section */
		A213F5E9169C1B2E00BA282F = {
			isa = PBXGroup;
			children = (
				A280F82C16D4AA8C005290C3 /* CoreData.framework */,
				A213F5FE169C1B2E00BA282F /* GoThereLater */,
				A213F5F7169C1B2E00BA282F /* Frameworks */,
				A213F5F5169C1B2E00BA282F /* Products */,
			);
			sourceTree = "<group>";
		};
		A213F5F5169C1B2E00BA282F /* Products */ = {
			isa = PBXGroup;
			children = (
				A213F5F4169C1B2E00BA282F /* GoThereLater.app */,
			);
			name = Products;
			sourceTree = "<group>";
		};
		A213F5F7169C1B2E00BA282F /* Frameworks */ = {
			isa = PBXGroup;
			children = (
				A280F83616D92A7E005290C3 /* Crashlytics.framework */,
				A213F5F8169C1B2E00BA282F /* UIKit.framework */,
				A213F5FA169C1B2E00BA282F /* Foundation.framework */,
				A213F5FC169C1B2E00BA282F /* CoreGraphics.framework */,
			);
			name = Frameworks;
			sourceTree = "<group>";
		};
		A213F5FE169C1B2E00BA282F /* GoThereLater */ = {
			isa = PBXGroup;
			children = (
				A213F607169C1B2E00BA282F /* AppDelegate.h */,
				A213F608169C1B2E00BA282F /* AppDelegate.m */,
				A213F610169C1B2E00BA282F /* MainStoryboard.storyboard */,
				A234F7D816B7F8570021E826 /* LocationAdderViewController.h */,
				A234F7D916B7F8570021E826 /* LocationAdderViewController.m */,
				A20FF95C169EF73500FA9E13 /* LocationDetailsViewController.h */,
				A20FF95D169EF73500FA9E13 /* LocationDetailsViewController.m */,
				A213F61E169C22A300BA282F /* Location.h */,
				A213F61F169C22A300BA282F /* Location.m */,
				A213F61B169C21B900BA282F /* LocationViewController.h */,
				A213F61C169C21B900BA282F /* LocationViewController.m */,
				A213F613169C1B2E00BA282F /* ViewController.h */,
				A213F614169C1B2E00BA282F /* ViewController.m */,
				A213F5FF169C1B2E00BA282F /* Supporting Files */,
				A280F82F16D4ABDA005290C3 /* LocationContent.xcdatamodeld */,
				A280F83216D4AD79005290C3 /* LocationEntity.h */,
				A280F83316D4AD79005290C3 /* LocationEntity.m */,
			);
			path = GoThereLater;
			sourceTree = "<group>";
		};
		A213F5FF169C1B2E00BA282F /* Supporting Files */ = {
			isa = PBXGroup;
			children = (
				A213F600169C1B2E00BA282F /* GoThereLater-Info.plist */,
				A213F601169C1B2E00BA282F /* InfoPlist.strings */,
				A213F604169C1B2E00BA282F /* main.m */,
				A213F606169C1B2E00BA282F /* GoThereLater-Prefix.pch */,
				A213F60A169C1B2E00BA282F /* Default.png */,
				A213F60C169C1B2E00BA282F /* Default@2x.png */,
				A213F60E169C1B2E00BA282F /* Default-568h@2x.png */,
			);
			name = "Supporting Files";
			sourceTree = "<group>";
		};
/* End PBXGroup section */

/* Begin PBXNativeTarget section */
		A213F5F3169C1B2E00BA282F /* GoThereLater */ = {
			isa = PBXNativeTarget;
			buildConfigurationList = A213F618169C1B2E00BA282F /* Build configuration list for PBXNativeTarget "GoThereLater" */;
			buildPhases = (
				A213F5F0169C1B2E00BA282F /* Sources */,
				A213F5F1169C1B2E00BA282F /* Frameworks */,
				A213F5F2169C1B2E00BA282F /* Resources */,
				A280F83516D92A25005290C3 /* ShellScript */,
			);
			buildRules = (
			);
			dependencies = (
			);
			name = GoThereLater;
			productName = GoThereLater;
			productReference = A213F5F4169C1B2E00BA282F /* GoThereLater.app */;
			productType = "com.apple.product-type.application";
		};
/* End PBXNativeTarget section */

/* Begin PBXProject section */
		A213F5EB169C1B2E00BA282F /* Project object */ = {
			isa = PBXProject;
			attributes = {
				LastUpgradeCheck = 0450;
				ORGANIZATIONNAME = marstudio;
			};
			buildConfigurationList = A213F5EE169C1B2E00BA282F /* Build configuration list for PBXProject "GoThereLater" */;
			compatibilityVersion = "Xcode 3.2";
			developmentRegion = English;
			hasScannedForEncodings = 0;
			knownRegions = (
				en,
			);
			mainGroup = A213F5E9169C1B2E00BA282F;
			productRefGroup = A213F5F5169C1B2E00BA282F /* Products */;
			projectDirPath = "";
			projectRoot = "";
			targets = (
				A213F5F3169C1B2E00BA282F /* GoThereLater */,
			);
		};
/* End PBXProject section */

/* Begin PBXResourcesBuildPhase section */
		A213F5F2169C1B2E00BA282F /* Resources */ = {
			isa = PBXResourcesBuildPhase;
			buildActionMask = 2147483647;
			files = (
				A213F603169C1B2E00BA282F /* InfoPlist.strings in Resources */,
				A213F60B169C1B2E00BA282F /* Default.png in Resources */,
				A213F60D169C1B2E00BA282F /* Default@2x.png in Resources */,
				A213F60F169C1B2E00BA282F /* Default-568h@2x.png in Resources */,
				A213F612169C1B2E00BA282F /* MainStoryboard.storyboard in Resources */,
			);
			runOnlyForDeploymentPostprocessing = 0;
		};
/* End PBXResourcesBuildPhase section */

/* Begin PBXShellScriptBuildPhase section */
		A280F83516D92A25005290C3 /* ShellScript */ = {
			isa = PBXShellScriptBuildPhase;
			buildActionMask = 2147483647;
			files = (
			);
			inputPaths = (
			);
			outputPaths = (
			);
			runOnlyForDeploymentPostprocessing = 0;
			shellPath = /bin/sh;
			shellScript = "./Crashlytics.framework/run 3e6a04e37462214e7113298c3b5e41abfeb51c91";
		};
/* End PBXShellScriptBuildPhase section */

/* Begin PBXSourcesBuildPhase section */
		A213F5F0169C1B2E00BA282F /* Sources */ = {
			isa = PBXSourcesBuildPhase;
			buildActionMask = 2147483647;
			files = (
				A213F605169C1B2E00BA282F /* main.m in Sources */,
				A213F609169C1B2E00BA282F /* AppDelegate.m in Sources */,
				A213F615169C1B2E00BA282F /* ViewController.m in Sources */,
				A213F61D169C21B900BA282F /* LocationViewController.m in Sources */,
				A213F620169C22A300BA282F /* Location.m in Sources */,
				A20FF95E169EF73500FA9E13 /* LocationDetailsViewController.m in Sources */,
				A234F7DA16B7F8570021E826 /* LocationAdderViewController.m in Sources */,
				A280F83116D4ABDA005290C3 /* LocationContent.xcdatamodeld in Sources */,
				A280F83416D4AD79005290C3 /* LocationEntity.m in Sources */,
			);
			runOnlyForDeploymentPostprocessing = 0;
		};
/* End PBXSourcesBuildPhase section */

/* Begin PBXVariantGroup section */
		A213F601169C1B2E00BA282F /* InfoPlist.strings */ = {
			isa = PBXVariantGroup;
			children = (
				A213F602169C1B2E00BA282F /* en */,
			);
			name = InfoPlist.strings;
			sourceTree = "<group>";
		};
		A213F610169C1B2E00BA282F /* MainStoryboard.storyboard */ = {
			isa = PBXVariantGroup;
			children = (
				A213F611169C1B2E00BA282F /* en */,
			);
			name = MainStoryboard.storyboard;
			sourceTree = "<group>";
		};
/* End PBXVariantGroup section */

/* Begin XCBuildConfiguration section */
		A213F616169C1B2E00BA282F /* Debug */ = {
			isa = XCBuildConfiguration;
			buildSettings = {
				ALWAYS_SEARCH_USER_PATHS = NO;
				CLANG_CXX_LANGUAGE_STANDARD = "gnu++0x";
				CLANG_CXX_LIBRARY = "libc++";
				CLANG_ENABLE_OBJC_ARC = YES;
				CLANG_WARN_EMPTY_BODY = YES;
				CLANG_WARN__DUPLICATE_METHOD_MATCH = YES;
				"CODE_SIGN_IDENTITY[sdk=iphoneos*]" = "iPhone Developer";
				COPY_PHASE_STRIP = NO;
				GCC_C_LANGUAGE_STANDARD = gnu99;
				GCC_DYNAMIC_NO_PIC = NO;
				GCC_OPTIMIZATION_LEVEL = 0;
				GCC_PREPROCESSOR_DEFINITIONS = (
					"DEBUG=1",
					"$(inherited)",
				);
				GCC_SYMBOLS_PRIVATE_EXTERN = NO;
				GCC_WARN_ABOUT_RETURN_TYPE = YES;
				GCC_WARN_UNINITIALIZED_AUTOS = YES;
				GCC_WARN_UNUSED_VARIABLE = YES;
				IPHONEOS_DEPLOYMENT_TARGET = 6.0;
				ONLY_ACTIVE_ARCH = YES;
				SDKROOT = iphoneos;
			};
			name = Debug;
		};
		A213F617169C1B2E00BA282F /* Release */ = {
			isa = XCBuildConfiguration;
			buildSettings = {
				ALWAYS_SEARCH_USER_PATHS = NO;
				CLANG_CXX_LANGUAGE_STANDARD = "gnu++0x";
				CLANG_CXX_LIBRARY = "libc++";
				CLANG_ENABLE_OBJC_ARC = YES;
				CLANG_WARN_EMPTY_BODY = YES;
				CLANG_WARN__DUPLICATE_METHOD_MATCH = YES;
				"CODE_SIGN_IDENTITY[sdk=iphoneos*]" = "iPhone Developer";
				COPY_PHASE_STRIP = YES;
				GCC_C_LANGUAGE_STANDARD = gnu99;
				GCC_WARN_ABOUT_RETURN_TYPE = YES;
				GCC_WARN_UNINITIALIZED_AUTOS = YES;
				GCC_WARN_UNUSED_VARIABLE = YES;
				IPHONEOS_DEPLOYMENT_TARGET = 6.0;
				OTHER_CFLAGS = "-DNS_BLOCK_ASSERTIONS=1";
				SDKROOT = iphoneos;
				VALIDATE_PRODUCT = YES;
			};
			name = Release;
		};
		A213F619169C1B2E00BA282F /* Debug */ = {
			isa = XCBuildConfiguration;
			buildSettings = {
				FRAMEWORK_SEARCH_PATHS = (
					"$(inherited)",
					"\"$(SRCROOT)\"",
				);
				GCC_PRECOMPILE_PREFIX_HEADER = YES;
				GCC_PREFIX_HEADER = "GoThereLater/GoThereLater-Prefix.pch";
				INFOPLIST_FILE = "GoThereLater/GoThereLater-Info.plist";
				PRODUCT_NAME = "$(TARGET_NAME)";
				WRAPPER_EXTENSION = app;
			};
			name = Debug;
		};
		A213F61A169C1B2E00BA282F /* Release */ = {
			isa = XCBuildConfiguration;
			buildSettings = {
				FRAMEWORK_SEARCH_PATHS = (
					"$(inherited)",
					"\"$(SRCROOT)\"",
				);
				GCC_PRECOMPILE_PREFIX_HEADER = YES;
				GCC_PREFIX_HEADER = "GoThereLater/GoThereLater-Prefix.pch";
				INFOPLIST_FILE = "GoThereLater/GoThereLater-Info.plist";
				PRODUCT_NAME = "$(TARGET_NAME)";
				WRAPPER_EXTENSION = app;
			};
			name = Release;
		};
/* End XCBuildConfiguration section */

/* Begin XCConfigurationList section */
		A213F5EE169C1B2E00BA282F /* Build configuration list for PBXProject "GoThereLater" */ = {
			isa = XCConfigurationList;
			buildConfigurations = (
				A213F616169C1B2E00BA282F /* Debug */,
				A213F617169C1B2E00BA282F /* Release */,
			);
			defaultConfigurationIsVisible = 0;
			defaultConfigurationName = Release;
		};
		A213F618169C1B2E00BA282F /* Build configuration list for PBXNativeTarget "GoThereLater" */ = {
			isa = XCConfigurationList;
			buildConfigurations = (
				A213F619169C1B2E00BA282F /* Debug */,
				A213F61A169C1B2E00BA282F /* Release */,
			);
			defaultConfigurationIsVisible = 0;
			defaultConfigurationName = Release;
		};
/* End XCConfigurationList section */

/* Begin XCVersionGroup section */
		A280F82F16D4ABDA005290C3 /* LocationContent.xcdatamodeld */ = {
			isa = XCVersionGroup;
			children = (
				A280F83016D4ABDA005290C3 /* LocationContent.xcdatamodel */,
			);
			currentVersion = A280F83016D4ABDA005290C3 /* LocationContent.xcdatamodel */;
			path = LocationContent.xcdatamodeld;
			sourceTree = "<group>";
			versionGroupType = wrapper.xcdatamodel;
		};
/* End XCVersionGroup section */
	};
	rootObject = A213F5EB169C1B2E00BA282F /* Project object */;
}
